
Microsoft Visual Studio Solution File, Format Version 12.00
# Visual Studio 15
VisualStudioVersion = 15.0.28307.1525
MinimumVisualStudioVersion = 10.0.40219.1
Project("{FAE04EC0-301F-11D3-BF4B-00C04F79EFBC}") = "GerenciadorDespesas", "GerenciadorDespesas\GerenciadorDespesas.csproj", "{80542DC7-EE3E-42BA-951B-C60F603D9064}"
EndProject
Global
	GlobalSection(SolutionConfigurationPlatforms) = preSolution
		Debug|Any CPU = Debug|Any CPU
		Release|Any CPU = Release|Any CPU
	EndGlobalSection
	GlobalSection(ProjectConfigurationPlatforms) = postSolution
		{80542DC7-EE3E-42BA-951B-C60F603D9064}.Debug|Any CPU.ActiveCfg = Debug|Any CPU
		{80542DC7-EE3E-42BA-951B-C60F603D9064}.Debug|Any CPU.Build.0 = Debug|Any CPU
		{80542DC7-EE3E-42BA-951B-C60F603D9064}.Release|Any CPU.ActiveCfg = Release|Any CPU
		{80542DC7-EE3E-42BA-951B-C60F603D9064}.Release|Any CPU.Build.0 = Release|Any CPU
	EndGlobalSection
	GlobalSection(SolutionProperties) = preSolution
		HideSolutionNode = FALSE
	EndGlobalSection
	GlobalSection(ExtensibilityGlobals) = postSolution
		SolutionGuid = {7DA4008F-7307-4652-9386-AC13E9E9DFD3}
	EndGlobalSection
EndGlobal
